
Microsoft Visual Studio Solution File, Format Version 12.00
# Visual Studio Version 17
VisualStudioVersion = 17.8.34330.188
MinimumVisualStudioVersion = 10.0.40219.1
Project("{FAE04EC0-301F-11D3-BF4B-00C04F79EFBC}") = "Sample GraphQL", "Sample GraphQL.csproj", "{51E64BA1-CCED-4F50-AF27-BC302548EB3C}"
EndProject
Global
	GlobalSection(SolutionConfigurationPlatforms) = preSolution
		Debug|Any CPU = Debug|Any CPU
		Release|Any CPU = Release|Any CPU
	EndGlobalSection
	GlobalSection(ProjectConfigurationPlatforms) = postSolution
		{51E64BA1-CCED-4F50-AF27-BC302548EB3C}.Debug|Any CPU.ActiveCfg = Debug|Any CPU
		{51E64BA1-CCED-4F50-AF27-BC302548EB3C}.Debug|Any CPU.Build.0 = Debug|Any CPU
		{51E64BA1-CCED-4F50-AF27-BC302548EB3C}.Release|Any CPU.ActiveCfg = Release|Any CPU
		{51E64BA1-CCED-4F50-AF27-BC302548EB3C}.Release|Any CPU.Build.0 = Release|Any CPU
	EndGlobalSection
	GlobalSection(SolutionProperties) = preSolution
		HideSolutionNode = FALSE
	EndGlobalSection
	GlobalSection(ExtensibilityGlobals) = postSolution
		SolutionGuid = {877CA761-A5E0-4964-9150-C91E8E87D807}
	EndGlobalSection
EndGlobal
